<?xml version="1.0" encoding="utf-8"?>
<Project ToolsVersion="4.0" xmlns="http://schemas.microsoft.com/developer/msbuild/2003">
  <ItemGroup>
    <Filter Include="Source Files">
      <UniqueIdentifier>{4FC737F1-C7A5-4376-A066-2A32D752A2FF}</UniqueIdentifier>
      <Extensions>cpp;c;cc;cxx;def;odl;idl;hpj;bat;asm;asmx</Extensions>
    </Filter>
    <Filter Include="Header Files">
      <UniqueIdentifier>{93995380-89BD-4b04-88EB-625FBE52EBFB}</UniqueIdentifier>
      <Extensions>h;hh;hpp;hxx;hm;inl;inc;xsd</Extensions>
    </Filter>
    <Filter Include="Resource Files">
      <UniqueIdentifier>{67DA6AB6-F800-4c08-8B7A-83BB121AAD01}</UniqueIdentifier>
      <Extensions>rc;ico;cur;bmp;dlg;rc2;rct;bin;rgs;gif;jpg;jpeg;jpe;resx;tiff;tif;png;wav;mfcribbon-ms</Extensions>
    </Filter>
  </ItemGroup>
  <ItemGroup>
    <ClCompile Include="main.cpp">
      <Filter>Source Files</Filter>
    </ClCompile>
    <ClCompile Include="Helper Functions\lodepng\lodepng.cpp">
      <Filter>Source Files</Filter>
    </ClCompile>
  </ItemGroup>
  <ItemGroup>
    <None Include="fragment.glsl" />
    <None Include="vertex.glsl" />
  </ItemGroup>
  <ItemGroup>
    <ClInclude Include="Helper Functions\lodepng\lodepng.h">
      <Filter>Header Files</Filter>
    </ClInclude>
    <ClInclude Include="Helper Functions\cyBVH.h">
      <Filter>Header Files</Filter>
    </ClInclude>
    <ClInclude Include="Helper Functions\cyColor.h">
      <Filter>Header Files</Filter>
    </ClInclude>
    <ClInclude Include="Helper Functions\cyCore.h">
      <Filter>Header Files</Filter>
    </ClInclude>
    <ClInclude Include="Helper Functions\cyGL.h">
      <Filter>Header Files</Filter>
    </ClInclude>
    <ClInclude Include="Helper Functions\cyHairFile.h">
      <Filter>Header Files</Filter>
    </ClInclude>
    <ClInclude Include="Helper Functions\cyHeap.h">
      <Filter>Header Files</Filter>
    </ClInclude>
    <ClInclude Include="Helper Functions\cyIPoint.h">
      <Filter>Header Files</Filter>
    </ClInclude>
    <ClInclude Include="Helper Functions\cyLightingGrid.h">
      <Filter>Header Files</Filter>
    </ClInclude>
    <ClInclude Include="Helper Functions\cyMatrix.h">
      <Filter>Header Files</Filter>
    </ClInclude>
    <ClInclude Include="Helper Functions\cyPoint.h">
      <Filter>Header Files</Filter>
    </ClInclude>
    <ClInclude Include="Helper Functions\cyPointCloud.h">
      <Filter>Header Files</Filter>
    </ClInclude>
    <ClInclude Include="Helper Functions\cyQuat.h">
      <Filter>Header Files</Filter>
    </ClInclude>
    <ClInclude Include="Helper Functions\cySampleElim.h">
      <Filter>Header Files</Filter>
    </ClInclude>
    <ClInclude Include="Helper Functions\cySpatial.h">
      <Filter>Header Files</Filter>
    </ClInclude>
    <ClInclude Include="Helper Functions\cyString.h">
      <Filter>Header Files</Filter>
    </ClInclude>
    <ClInclude Include="Helper Functions\cyTimer.h">
      <Filter>Header Files</Filter>
    </ClInclude>
    <ClInclude Include="Helper Functions\cyTriMesh.h">
      <Filter>Header Files</Filter>
    </ClInclude>
  </ItemGroup>
</Project>